
Microsoft Visual Studio Solution File, Format Version 12.00
Project("{FAE04EC0-301F-11D3-BF4B-00C04F79EFBC}") = "MFAToolsPlus", "MFAToolsPlus\MFAToolsPlus.csproj", "{37481F87-FAC1-4BC7-B567-8887B0A87A24}"
EndProject
Project("{FAE04EC0-301F-11D3-BF4B-00C04F79EFBC}") = "SukiUI", "SukiUI\SukiUI.csproj", "{3D37C8ED-5007-4BC0-840A-3C9D0760EA17}"
EndProject
Project("{FAE04EC0-301F-11D3-BF4B-00C04F79EFBC}") = "LazyStaticGenerator", "LazyStaticGenerator\LazyStaticGenerator.csproj", "{C841E4EA-183A-4047-9811-EFB6E3B44AB5}"
EndProject
Global
	GlobalSection(SolutionConfigurationPlatforms) = preSolution
		Debug|Any CPU = Debug|Any CPU
		Release|Any CPU = Release|Any CPU
	EndGlobalSection
	GlobalSection(ProjectConfigurationPlatforms) = postSolution
		{37481F87-FAC1-4BC7-B567-8887B0A87A24}.Debug|Any CPU.ActiveCfg = Debug|Any CPU
		{37481F87-FAC1-4BC7-B567-8887B0A87A24}.Debug|Any CPU.Build.0 = Debug|Any CPU
		{37481F87-FAC1-4BC7-B567-8887B0A87A24}.Release|Any CPU.ActiveCfg = Release|Any CPU
		{37481F87-FAC1-4BC7-B567-8887B0A87A24}.Release|Any CPU.Build.0 = Release|Any CPU
		{3D37C8ED-5007-4BC0-840A-3C9D0760EA17}.Debug|Any CPU.ActiveCfg = Debug|Any CPU
		{3D37C8ED-5007-4BC0-840A-3C9D0760EA17}.Debug|Any CPU.Build.0 = Debug|Any CPU
		{3D37C8ED-5007-4BC0-840A-3C9D0760EA17}.Release|Any CPU.ActiveCfg = Release|Any CPU
		{3D37C8ED-5007-4BC0-840A-3C9D0760EA17}.Release|Any CPU.Build.0 = Release|Any CPU
		{C841E4EA-183A-4047-9811-EFB6E3B44AB5}.Debug|Any CPU.ActiveCfg = Debug|Any CPU
		{C841E4EA-183A-4047-9811-EFB6E3B44AB5}.Debug|Any CPU.Build.0 = Debug|Any CPU
		{C841E4EA-183A-4047-9811-EFB6E3B44AB5}.Release|Any CPU.ActiveCfg = Release|Any CPU
		{C841E4EA-183A-4047-9811-EFB6E3B44AB5}.Release|Any CPU.Build.0 = Release|Any CPU
	EndGlobalSection
EndGlobal
